# This file is automatically @generated by Cargo.
# It is not intended for manual editing.
version = 3

[[package]]
name = "autocfg"
version = "1.1.0"
source = "registry+https://github.com/rust-lang/crates.io-index"
checksum = "d468802bab17cbc0cc575e9b053f41e72aa36bfa6b7f55e3529ffa43161b97fa"

[[package]]
name = "bigdecimal"
version = "0.4.2"
source = "registry+https://github.com/rust-lang/crates.io-index"
checksum = "c06619be423ea5bb86c95f087d5707942791a08a85530df0db2209a3ecfb8bc9"
dependencies = [
 "autocfg",
 "libm",
 "num-bigint",
 "num-integer",
 "num-traits",
 "serde",
]

[[package]]
name = "libm"
version = "0.2.8"
source = "registry+https://github.com/rust-lang/crates.io-index"
checksum = "4ec2a862134d2a7d32d7983ddcdd1c4923530833c9f2ea1a44fc5fa473989058"

[[package]]
name = "log"
version = "0.4.20"
source = "registry+https://github.com/rust-lang/crates.io-index"
checksum = "b5e6163cb8c49088c2c36f57875e58ccd8c87c7427f7fbd50ea6710b2f3f2e8f"

[[package]]
name = "num-bigint"
version = "0.4.4"
source = "registry+https://github.com/rust-lang/crates.io-index"
checksum = "608e7659b5c3d7cba262d894801b9ec9d00de989e8a82bd4bef91d08da45cdc0"
dependencies = [
 "autocfg",
 "num-integer",
 "num-traits",
]

[[package]]
name = "num-integer"
version = "0.1.45"
source = "registry+https://github.com/rust-lang/crates.io-index"
checksum = "225d3389fb3509a24c93f5c29eb6bde2586b98d9f016636dff58d7c6f7569cd9"
dependencies = [
 "autocfg",
 "num-traits",
]

[[package]]
name = "num-traits"
version = "0.2.17"
source = "registry+https://github.com/rust-lang/crates.io-index"
checksum = "39e3200413f237f41ab11ad6d161bc7239c84dcb631773ccd7de3dfe4b5c267c"
dependencies = [
 "autocfg",
]

[[package]]
name = "proc-macro2"
version = "1.0.76"
source = "registry+https://github.com/rust-lang/crates.io-index"
checksum = "95fc56cda0b5c3325f5fbbd7ff9fda9e02bb00bb3dac51252d2f1bfa1cb8cc8c"
dependencies = [
 "unicode-ident",
]

[[package]]
name = "quote"
version = "1.0.35"
source = "registry+https://github.com/rust-lang/crates.io-index"
checksum = "291ec9ab5efd934aaf503a6466c5d5251535d108ee747472c3977cc5acc868ef"
dependencies = [
 "proc-macro2",
]

[[package]]
name = "serde"
version = "1.0.195"
source = "registry+https://github.com/rust-lang/crates.io-index"
checksum = "63261df402c67811e9ac6def069e4786148c4563f4b50fd4bf30aa370d626b02"
dependencies = [
 "serde_derive",
]

[[package]]
name = "serde_derive"
version = "1.0.195"
source = "registry+https://github.com/rust-lang/crates.io-index"
checksum = "46fe8f8603d81ba86327b23a2e9cdf49e1255fb94a4c5f297f6ee0547178ea2c"
dependencies = [
 "proc-macro2",
 "quote",
 "syn",
]

[[package]]
name = "sql-layer"
version = "0.1.0"
dependencies = [
 "bigdecimal",
 "serde",
 "sqlparser",
 "thiserror",
]

[[package]]
name = "sqlparser"
version = "0.41.0"
source = "registry+https://github.com/rust-lang/crates.io-index"
checksum = "5cc2c25a6c66789625ef164b4c7d2e548d627902280c13710d33da8222169964"
dependencies = [
 "bigdecimal",
 "log",
 "serde",
]

[[package]]
name = "syn"
version = "2.0.48"
source = "registry+https://github.com/rust-lang/crates.io-index"
checksum = "0f3531638e407dfc0814761abb7c00a5b54992b849452a0646b7f65c9f770f3f"
dependencies = [
 "proc-macro2",
 "quote",
 "unicode-ident",
]

[[package]]
name = "thiserror"
version = "1.0.56"
source = "registry+https://github.com/rust-lang/crates.io-index"
checksum = "d54378c645627613241d077a3a79db965db602882668f9136ac42af9ecb730ad"
dependencies = [
 "thiserror-impl",
]

[[package]]
name = "thiserror-impl"
version = "1.0.56"
source = "registry+https://github.com/rust-lang/crates.io-index"
checksum = "fa0faa943b50f3db30a20aa7e265dbc66076993efed8463e8de414e5d06d3471"
dependencies = [
 "proc-macro2",
 "quote",
 "syn",
]

[[package]]
name = "unicode-ident"
version = "1.0.12"
source = "registry+https://github.com/rust-lang/crates.io-index"
checksum = "3354b9ac3fae1ff6755cb6db53683adb661634f67557942dea4facebec0fee4b"
